
Microsoft Visual Studio Solution File, Format Version 12.00
# Visual Studio Version 16
VisualStudioVersion = 16.0.28729.10
MinimumVisualStudioVersion = 10.0.40219.1
Project("{9A19103F-16F7-4668-BE54-9A1E7A4F7556}") = "Storage", "Storage\Storage.csproj", "{E758726A-24AD-4614-B816-D1093A4796F2}"
EndProject
Project("{9A19103F-16F7-4668-BE54-9A1E7A4F7556}") = "Storage.Core", "Storage.Core\Storage.Core.csproj", "{6AAF4334-DEA3-4947-A7C0-B98E40BBAA42}"
EndProject
Project("{FAE04EC0-301F-11D3-BF4B-00C04F79EFBC}") = "Storage.Tests", "Storage.Tests\Storage.Tests.csproj", "{921F9C14-4C02-48BA-A083-42582C88681C}"
EndProject
Global
	GlobalSection(SolutionConfigurationPlatforms) = preSolution
		Debug|Any CPU = Debug|Any CPU
		Release|Any CPU = Release|Any CPU
	EndGlobalSection
	GlobalSection(ProjectConfigurationPlatforms) = postSolution
		{E758726A-24AD-4614-B816-D1093A4796F2}.Debug|Any CPU.ActiveCfg = Debug|Any CPU
		{E758726A-24AD-4614-B816-D1093A4796F2}.Debug|Any CPU.Build.0 = Debug|Any CPU
		{E758726A-24AD-4614-B816-D1093A4796F2}.Release|Any CPU.ActiveCfg = Release|Any CPU
		{E758726A-24AD-4614-B816-D1093A4796F2}.Release|Any CPU.Build.0 = Release|Any CPU
		{6AAF4334-DEA3-4947-A7C0-B98E40BBAA42}.Debug|Any CPU.ActiveCfg = Debug|Any CPU
		{6AAF4334-DEA3-4947-A7C0-B98E40BBAA42}.Debug|Any CPU.Build.0 = Debug|Any CPU
		{6AAF4334-DEA3-4947-A7C0-B98E40BBAA42}.Release|Any CPU.ActiveCfg = Release|Any CPU
		{6AAF4334-DEA3-4947-A7C0-B98E40BBAA42}.Release|Any CPU.Build.0 = Release|Any CPU
		{921F9C14-4C02-48BA-A083-42582C88681C}.Debug|Any CPU.ActiveCfg = Debug|Any CPU
		{921F9C14-4C02-48BA-A083-42582C88681C}.Debug|Any CPU.Build.0 = Debug|Any CPU
		{921F9C14-4C02-48BA-A083-42582C88681C}.Release|Any CPU.ActiveCfg = Release|Any CPU
		{921F9C14-4C02-48BA-A083-42582C88681C}.Release|Any CPU.Build.0 = Release|Any CPU
	EndGlobalSection
	GlobalSection(SolutionProperties) = preSolution
		HideSolutionNode = FALSE
	EndGlobalSection
	GlobalSection(ExtensibilityGlobals) = postSolution
		SolutionGuid = {9EF45B38-6B31-4EFD-AB57-BC1C79C2560E}
	EndGlobalSection
EndGlobal
